github.com/davecgh/go-spew v1.1.0 h1:ZDRjVQ15GmhC3fiQ8ni8+OwkZQO4DARzQgrnXU1Liz8=
github.com/davecgh/go-spew v1.1.0/go.mod h1:J7Y8YcW2NihsgmVo/mv3lAwl/skON4iLHjSsI+c5H38=
github.com/dgrijalva/jwt-go v3.2.0+incompatible h1:7qlOGliEKZXTDg6OTjfoBKDXWrumCAMpl/TFQ4/5kLM=
github.com/dgrijalva/jwt-go v3.2.0+incompatible/go.mod h1:E3ru+11k8xSBh+hMPgOLZmtrrCbhqsmaPHjLKYnJCaQ=
github.com/dimfeld/httptreemux v5.0.1+incompatible h1:Qj3gVcDNoOthBAqftuD596rm4wg/adLLz5xh5CmpiCA=
github.com/dimfeld/httptreemux v5.0.1+incompatible/go.mod h1:rbUlSV+CCpv/SuqUTP/8Bk2O3LyUV436/yaRGkhP6Z0=
github.com/facebookgo/clock v0.0.0-20150410010913-600d898af40a h1:yDWHCSQ40h88yih2JAcL6Ls/kVkSE8GFACTGVnMPruw=
github.com/facebookgo/clock v0.0.0-20150410010913-600d898af40a/go.mod h1:7Ga40egUymuWXxAe151lTNnCv97MddSOVsjpPPkityA=
github.com/facebookgo/grace v0.0.0-20180706040059-75cf19382434 h1:mOp33BLbcbJ8fvTAmZacbBiOASfxN+MLcLxymZCIrGE=
github.com/facebookgo/grace v0.0.0-20180706040059-75cf19382434/go.mod h1:KigFdumBXUPSwzLDbeuzyt0elrL7+CP7TKuhrhT4bcU=
github.com/facebookgo/httpdown v0.0.0-20180706035922-5979d39b15c2 h1:nXeeRHmgNgjLxi+7dY9l9aDvSS1uwVlNLqUWIY4Ath0=
github.com/facebookgo/httpdown v0.0.0-20180706035922-5979d39b15c2/go.mod h1:TUV/fX3XrTtBQb5+ttSUJzcFgLNpILONFTKmBuk5RSw=
github.com/facebookgo/stats v0.0.0-20151006221625-1b76add642e4 h1:0YtRCqIZs2+Tz49QuH6cJVw/IFqzo39gEqZ0iYLxD2M=
github.com/facebookgo/stats v0.0.0-20151006221625-1b76add642e4/go.mod h1:vsJz7uE339KUCpBXx3JAJzSRH7Uk4iGGyJzR529qDIA=
github.com/go-errors/errors v1.0.1 h1:LUHzmkK3GUKUrL/1gfBUxAHzcev3apQlezX/+O7ma6w=
github.com/go-errors/errors v1.0.1/go.mod h1:f4zRHt4oKfwPJE5k8C9vpYG+aDHdBFUsgrm6/TyX73Q=
github.com/godiscourse/godiscourse v0.10.0 h1:7ZE8qqqVH3EblyzRu4koBg2aN5PwJ4sLtrqaeWkE1VM=
github.com/godiscourse/godiscourse v0.10.0/go.mod h1:isBfoqCDmGn49pz1dsAFiWxemIjAcuPtVNHuprS+Fww=
github.com/gofrs/uuid v3.2.0+incompatible h1:y12jRkkFxsd7GpqdSZ+/KCs/fJbqpEXSGd4+jfEaewE=
github.com/gofrs/uuid v3.2.0+incompatible/go.mod h1:b2aQJv3Z4Fp6yNu3cdSllBxTCLRxnplIgP/c0N/04lM=
github.com/gorilla/handlers v1.4.0 h1:XulKRWSQK5uChr4pEgSE4Tc/OcmnU9GJuSwdog/tZsA=
github.com/gorilla/handlers v1.4.0/go.mod h1:Qkdc/uu4tH4g6mTK6auzZ766c4CA0Ng8+o/OAirnOIQ=
github.com/jessevdk/go-flags v1.4.0 h1:4IU2WS7AumrZ/40jfhf4QVDMsQwqA7VEHozFRrGARJA=
github.com/jessevdk/go-flags v1.4.0/go.mod h1:4FA24M0QyGHXBuZZK/XkWh8h0e1EYbRYJSGM75WSRxI=
github.com/lib/pq v1.0.0 h1:X5PMW56eZitiTeO7tKzZxFCSpbFZJtkMMooicw2us9A=
github.com/lib/pq v1.0.0/go.mod h1:5WUZQaWbwv1U+lTReE5YruASi9Al49XbQIvNi/34Woo=
github.com/pmezard/go-difflib v1.0.0 h1:4DBwDE0NGyQoBHbLQYPwSUPoCMWR5BEzIk/f1lZbAQM=
github.com/pmezard/go-difflib v1.0.0/go.mod h1:iKH77koFhYxTK1pcRnkKkqfTogsbg7gZNVY4sRDYZ/4=
github.com/speps/go-hashids v2.0.0+incompatible h1:kSfxGfESueJKTx0mpER9Y/1XHl+FVQjtCqRyYcviFbw=
github.com/speps/go-hashids v2.0.0+incompatible/go.mod h1:P7hqPzMdnZOfyIk+xrlG1QaSMw+gCBdHKsBDnhpaZvc=
github.com/stretchr/objx v0.1.0 h1:4G4v2dO3VZwixGIRoQ5Lfboy6nUhCyYzaqnIAPPhYs4=
github.com/stretchr/objx v0.1.0/go.mod h1:HFkY916IF+rwdDfMAkV7OtwuqBVzrE8GR6GFx+wExME=
github.com/stretchr/testify v1.3.0 h1:TivCn/peBQ7UY8ooIcPgZFpTNSz0Q2U6UrFlUfqbe0Q=
github.com/stretchr/testify v1.3.0/go.mod h1:M5WIy9Dh21IEIfnGCwXGc5bZfKNJtfHm1UVUgZn+9EI=
github.com/unrolled/render v1.0.0 h1:XYtvhA3UkpB7PqkvhUFYmpKD55OudoIeygcfus4vcd4=
github.com/unrolled/render v1.0.0/go.mod h1:tu82oB5W2ykJRVioYsB+IQKcft7ryBr7w12qMBUPyXg=
go.uber.org/atomic v1.3.2 h1:2Oa65PReHzfn29GpvgsYwloV9AVFHPDk8tYxt2c2tr4=
go.uber.org/atomic v1.3.2/go.mod h1:gD2HeocX3+yG+ygLZcrzQJaqmWj9AIm7n08wl/qW/PE=
go.uber.org/multierr v1.1.0 h1:HoEmRHQPVSqub6w2z2d2EOVs2fjyFRGyofhKuyDq0QI=
go.uber.org/multierr v1.1.0/go.mod h1:wR5kodmAFQ0UK8QlbwjlSNy0Z68gJhDJUG5sjR94q/0=
go.uber.org/zap v1.9.1 h1:XCJQEf3W6eZaVwhRBof6ImoYGJSITeKWsyeh3HFu/5o=
go.uber.org/zap v1.9.1/go.mod h1:vwi/ZaCAaUcBkycHslxD9B2zi4UTXhF60s6SWpuDF0Q=
golang.org/x/crypto v0.0.0-20190325154230-a5d413f7728c h1:Vj5n4GlwjmQteupaxJ9+0FNOmBrHfq7vN4btdGoDZgI=
golang.org/x/crypto v0.0.0-20190325154230-a5d413f7728c/go.mod h1:djNgcEr1/C05ACkg1iLfiJU5Ep61QUkGW8qpdssI0+w=
golang.org/x/sys v0.0.0-20190215142949-d0b11bdaac8a/go.mod h1:STP8DvDyc/dI5b8T5hshtkjS+E42TnysNCUPdjciGhY=
